
Microsoft Visual Studio Solution File, Format Version 12.00
# Visual Studio Version 17
VisualStudioVersion = 17.5.002.0
MinimumVisualStudioVersion = 10.0.40219.1
Project("{2150E333-8FDC-42A3-9474-1A3956D46DE8}") = "csharp-prep", "csharp-prep", "{624EF3A9-FAAF-403C-97C9-63B9CD2A2978}"
EndProject
Project("{9A19103F-16F7-4668-BE54-9A1E7A4F7556}") = "Prep1", "csharp-prep\Prep1\Prep1.csproj", "{DE5753AA-5738-47A6-9BEB-B5F11E34A999}"
EndProject
Project("{9A19103F-16F7-4668-BE54-9A1E7A4F7556}") = "Prep2", "csharp-prep\Prep2\Prep2.csproj", "{4A849B64-D2C8-48F6-B1DC-8ED8A53C818A}"
EndProject
Project("{9A19103F-16F7-4668-BE54-9A1E7A4F7556}") = "Prep3", "csharp-prep\Prep3\Prep3.csproj", "{20F3A05C-CBE0-44FF-8305-59A0C4D993D1}"
EndProject
Project("{9A19103F-16F7-4668-BE54-9A1E7A4F7556}") = "Prep4", "csharp-prep\Prep4\Prep4.csproj", "{54394230-63B6-44F8-BC50-8A677FDCAE68}"
EndProject
Project("{9A19103F-16F7-4668-BE54-9A1E7A4F7556}") = "Prep5", "csharp-prep\Prep5\Prep5.csproj", "{FF16F6DD-7D74-401E-A3A9-09366DCA8BCF}"
EndProject
Project("{2150E333-8FDC-42A3-9474-1A3956D46DE8}") = "final", "final", "{9EF90687-8DF9-4C0B-ADD1-FA5642048902}"
EndProject
Project("{9A19103F-16F7-4668-BE54-9A1E7A4F7556}") = "FinalProject", "final\FinalProject\FinalProject.csproj", "{1BB73C58-CDD8-40A6-B5E4-3AEAB435F1E9}"
EndProject
Project("{9A19103F-16F7-4668-BE54-9A1E7A4F7556}") = "Foundation1", "final\Foundation1\Foundation1.csproj", "{C2929499-00BB-4BC8-8E7A-6C9D19877B05}"
EndProject
Project("{9A19103F-16F7-4668-BE54-9A1E7A4F7556}") = "Foundation2", "final\Foundation2\Foundation2.csproj", "{F8F3B686-7CFA-4797-A528-010DEC235933}"
EndProject
Project("{9A19103F-16F7-4668-BE54-9A1E7A4F7556}") = "Foundation3", "final\Foundation3\Foundation3.csproj", "{1B34396F-4927-49E5-B172-BE9C9B7BDE8F}"
EndProject
Project("{9A19103F-16F7-4668-BE54-9A1E7A4F7556}") = "Foundation4", "final\Foundation4\Foundation4.csproj", "{5CCC507B-BCA9-410D-8EC9-58003C992DDC}"
EndProject
Project("{2150E333-8FDC-42A3-9474-1A3956D46DE8}") = "prepare", "prepare", "{6D518C91-51AA-4C1E-BF90-9B81FF3CDD96}"
EndProject
Project("{9A19103F-16F7-4668-BE54-9A1E7A4F7556}") = "Learning02", "prepare\Learning02\Learning02.csproj", "{D5C30913-56A0-441A-8AC1-618268EB1AFA}"
EndProject
Project("{9A19103F-16F7-4668-BE54-9A1E7A4F7556}") = "Learning03", "prepare\Learning03\Learning03.csproj", "{933E7E7E-CB53-4249-9012-16EC8E5AFAF0}"
EndProject
Project("{9A19103F-16F7-4668-BE54-9A1E7A4F7556}") = "Learning04", "prepare\Learning04\Learning04.csproj", "{5B72607B-6680-472B-B3FA-679650ECDE42}"
EndProject
Project("{9A19103F-16F7-4668-BE54-9A1E7A4F7556}") = "Learning05", "prepare\Learning05\Learning05.csproj", "{F8CA72F1-38F5-4897-AF91-3594A41ED967}"
EndProject
Project("{2150E333-8FDC-42A3-9474-1A3956D46DE8}") = "prove", "prove", "{21024886-C6F2-4502-A4EC-4C120D20CD57}"
EndProject
Project("{9A19103F-16F7-4668-BE54-9A1E7A4F7556}") = "Develop02", "prove\Develop02\Develop02.csproj", "{410710AC-BF43-4C46-887A-7BEA8D2E95AD}"
EndProject
Project("{9A19103F-16F7-4668-BE54-9A1E7A4F7556}") = "Develop03", "prove\Develop03\Develop03.csproj", "{7E4CB810-4F19-424E-A130-9D9CAC886502}"
EndProject
Project("{9A19103F-16F7-4668-BE54-9A1E7A4F7556}") = "Develop04", "prove\Develop04\Develop04.csproj", "{423C561C-6A66-432B-9220-5E5F6E67E2E7}"
EndProject
Project("{9A19103F-16F7-4668-BE54-9A1E7A4F7556}") = "Develop05", "prove\Develop05\Develop05.csproj", "{90FFE5F4-826E-4223-82D0-E75DD0A84456}"
EndProject
Project("{2150E333-8FDC-42A3-9474-1A3956D46DE8}") = "sandbox", "sandbox", "{A27F668E-A750-471C-88C9-337402B71591}"
EndProject
Project("{9A19103F-16F7-4668-BE54-9A1E7A4F7556}") = "Sandbox", "sandbox\Sandbox\Sandbox.csproj", "{A292D5CA-8536-41E4-BA62-B6B4BF31AE14}"
EndProject
Global
	GlobalSection(SolutionConfigurationPlatforms) = preSolution
		Debug|Any CPU = Debug|Any CPU
		Release|Any CPU = Release|Any CPU
	EndGlobalSection
	GlobalSection(ProjectConfigurationPlatforms) = postSolution
		{DE5753AA-5738-47A6-9BEB-B5F11E34A999}.Debug|Any CPU.ActiveCfg = Debug|Any CPU
		{DE5753AA-5738-47A6-9BEB-B5F11E34A999}.Debug|Any CPU.Build.0 = Debug|Any CPU
		{DE5753AA-5738-47A6-9BEB-B5F11E34A999}.Release|Any CPU.ActiveCfg = Release|Any CPU
		{DE5753AA-5738-47A6-9BEB-B5F11E34A999}.Release|Any CPU.Build.0 = Release|Any CPU
		{4A849B64-D2C8-48F6-B1DC-8ED8A53C818A}.Debug|Any CPU.ActiveCfg = Debug|Any CPU
		{4A849B64-D2C8-48F6-B1DC-8ED8A53C818A}.Debug|Any CPU.Build.0 = Debug|Any CPU
		{4A849B64-D2C8-48F6-B1DC-8ED8A53C818A}.Release|Any CPU.ActiveCfg = Release|Any CPU
		{4A849B64-D2C8-48F6-B1DC-8ED8A53C818A}.Release|Any CPU.Build.0 = Release|Any CPU
		{20F3A05C-CBE0-44FF-8305-59A0C4D993D1}.Debug|Any CPU.ActiveCfg = Debug|Any CPU
		{20F3A05C-CBE0-44FF-8305-59A0C4D993D1}.Debug|Any CPU.Build.0 = Debug|Any CPU
		{20F3A05C-CBE0-44FF-8305-59A0C4D993D1}.Release|Any CPU.ActiveCfg = Release|Any CPU
		{20F3A05C-CBE0-44FF-8305-59A0C4D993D1}.Release|Any CPU.Build.0 = Release|Any CPU
		{54394230-63B6-44F8-BC50-8A677FDCAE68}.Debug|Any CPU.ActiveCfg = Debug|Any CPU
		{54394230-63B6-44F8-BC50-8A677FDCAE68}.Debug|Any CPU.Build.0 = Debug|Any CPU
		{54394230-63B6-44F8-BC50-8A677FDCAE68}.Release|Any CPU.ActiveCfg = Release|Any CPU
		{54394230-63B6-44F8-BC50-8A677FDCAE68}.Release|Any CPU.Build.0 = Release|Any CPU
		{FF16F6DD-7D74-401E-A3A9-09366DCA8BCF}.Debug|Any CPU.ActiveCfg = Debug|Any CPU
		{FF16F6DD-7D74-401E-A3A9-09366DCA8BCF}.Debug|Any CPU.Build.0 = Debug|Any CPU
		{FF16F6DD-7D74-401E-A3A9-09366DCA8BCF}.Release|Any CPU.ActiveCfg = Release|Any CPU
		{FF16F6DD-7D74-401E-A3A9-09366DCA8BCF}.Release|Any CPU.Build.0 = Release|Any CPU
		{1BB73C58-CDD8-40A6-B5E4-3AEAB435F1E9}.Debug|Any CPU.ActiveCfg = Debug|Any CPU
		{1BB73C58-CDD8-40A6-B5E4-3AEAB435F1E9}.Debug|Any CPU.Build.0 = Debug|Any CPU
		{1BB73C58-CDD8-40A6-B5E4-3AEAB435F1E9}.Release|Any CPU.ActiveCfg = Release|Any CPU
		{1BB73C58-CDD8-40A6-B5E4-3AEAB435F1E9}.Release|Any CPU.Build.0 = Release|Any CPU
		{C2929499-00BB-4BC8-8E7A-6C9D19877B05}.Debug|Any CPU.ActiveCfg = Debug|Any CPU
		{C2929499-00BB-4BC8-8E7A-6C9D19877B05}.Debug|Any CPU.Build.0 = Debug|Any CPU
		{C2929499-00BB-4BC8-8E7A-6C9D19877B05}.Release|Any CPU.ActiveCfg = Release|Any CPU
		{C2929499-00BB-4BC8-8E7A-6C9D19877B05}.Release|Any CPU.Build.0 = Release|Any CPU
		{F8F3B686-7CFA-4797-A528-010DEC235933}.Debug|Any CPU.ActiveCfg = Debug|Any CPU
		{F8F3B686-7CFA-4797-A528-010DEC235933}.Debug|Any CPU.Build.0 = Debug|Any CPU
		{F8F3B686-7CFA-4797-A528-010DEC235933}.Release|Any CPU.ActiveCfg = Release|Any CPU
		{F8F3B686-7CFA-4797-A528-010DEC235933}.Release|Any CPU.Build.0 = Release|Any CPU
		{1B34396F-4927-49E5-B172-BE9C9B7BDE8F}.Debug|Any CPU.ActiveCfg = Debug|Any CPU
		{1B34396F-4927-49E5-B172-BE9C9B7BDE8F}.Debug|Any CPU.Build.0 = Debug|Any CPU
		{1B34396F-4927-49E5-B172-BE9C9B7BDE8F}.Release|Any CPU.ActiveCfg = Release|Any CPU
		{1B34396F-4927-49E5-B172-BE9C9B7BDE8F}.Release|Any CPU.Build.0 = Release|Any CPU
		{5CCC507B-BCA9-410D-8EC9-58003C992DDC}.Debug|Any CPU.ActiveCfg = Debug|Any CPU
		{5CCC507B-BCA9-410D-8EC9-58003C992DDC}.Debug|Any CPU.Build.0 = Debug|Any CPU
		{5CCC507B-BCA9-410D-8EC9-58003C992DDC}.Release|Any CPU.ActiveCfg = Release|Any CPU
		{5CCC507B-BCA9-410D-8EC9-58003C992DDC}.Release|Any CPU.Build.0 = Release|Any CPU
		{D5C30913-56A0-441A-8AC1-618268EB1AFA}.Debug|Any CPU.ActiveCfg = Debug|Any CPU
		{D5C30913-56A0-441A-8AC1-618268EB1AFA}.Debug|Any CPU.Build.0 = Debug|Any CPU
		{D5C30913-56A0-441A-8AC1-618268EB1AFA}.Release|Any CPU.ActiveCfg = Release|Any CPU
		{D5C30913-56A0-441A-8AC1-618268EB1AFA}.Release|Any CPU.Build.0 = Release|Any CPU
		{933E7E7E-CB53-4249-9012-16EC8E5AFAF0}.Debug|Any CPU.ActiveCfg = Debug|Any CPU
		{933E7E7E-CB53-4249-9012-16EC8E5AFAF0}.Debug|Any CPU.Build.0 = Debug|Any CPU
		{933E7E7E-CB53-4249-9012-16EC8E5AFAF0}.Release|Any CPU.ActiveCfg = Release|Any CPU
		{933E7E7E-CB53-4249-9012-16EC8E5AFAF0}.Release|Any CPU.Build.0 = Release|Any CPU
		{5B72607B-6680-472B-B3FA-679650ECDE42}.Debug|Any CPU.ActiveCfg = Debug|Any CPU
		{5B72607B-6680-472B-B3FA-679650ECDE42}.Debug|Any CPU.Build.0 = Debug|Any CPU
		{5B72607B-6680-472B-B3FA-679650ECDE42}.Release|Any CPU.ActiveCfg = Release|Any CPU
		{5B72607B-6680-472B-B3FA-679650ECDE42}.Release|Any CPU.Build.0 = Release|Any CPU
		{F8CA72F1-38F5-4897-AF91-3594A41ED967}.Debug|Any CPU.ActiveCfg = Debug|Any CPU
		{F8CA72F1-38F5-4897-AF91-3594A41ED967}.Debug|Any CPU.Build.0 = Debug|Any CPU
		{F8CA72F1-38F5-4897-AF91-3594A41ED967}.Release|Any CPU.ActiveCfg = Release|Any CPU
		{F8CA72F1-38F5-4897-AF91-3594A41ED967}.Release|Any CPU.Build.0 = Release|Any CPU
		{410710AC-BF43-4C46-887A-7BEA8D2E95AD}.Debug|Any CPU.ActiveCfg = Debug|Any CPU
		{410710AC-BF43-4C46-887A-7BEA8D2E95AD}.Debug|Any CPU.Build.0 = Debug|Any CPU
		{410710AC-BF43-4C46-887A-7BEA8D2E95AD}.Release|Any CPU.ActiveCfg = Release|Any CPU
		{410710AC-BF43-4C46-887A-7BEA8D2E95AD}.Release|Any CPU.Build.0 = Release|Any CPU
		{7E4CB810-4F19-424E-A130-9D9CAC886502}.Debug|Any CPU.ActiveCfg = Debug|Any CPU
		{7E4CB810-4F19-424E-A130-9D9CAC886502}.Debug|Any CPU.Build.0 = Debug|Any CPU
		{7E4CB810-4F19-424E-A130-9D9CAC886502}.Release|Any CPU.ActiveCfg = Release|Any CPU
		{7E4CB810-4F19-424E-A130-9D9CAC886502}.Release|Any CPU.Build.0 = Release|Any CPU
		{423C561C-6A66-432B-9220-5E5F6E67E2E7}.Debug|Any CPU.ActiveCfg = Debug|Any CPU
		{423C561C-6A66-432B-9220-5E5F6E67E2E7}.Debug|Any CPU.Build.0 = Debug|Any CPU
		{423C561C-6A66-432B-9220-5E5F6E67E2E7}.Release|Any CPU.ActiveCfg = Release|Any CPU
		{423C561C-6A66-432B-9220-5E5F6E67E2E7}.Release|Any CPU.Build.0 = Release|Any CPU
		{90FFE5F4-826E-4223-82D0-E75DD0A84456}.Debug|Any CPU.ActiveCfg = Debug|Any CPU
		{90FFE5F4-826E-4223-82D0-E75DD0A84456}.Debug|Any CPU.Build.0 = Debug|Any CPU
		{90FFE5F4-826E-4223-82D0-E75DD0A84456}.Release|Any CPU.ActiveCfg = Release|Any CPU
		{90FFE5F4-826E-4223-82D0-E75DD0A84456}.Release|Any CPU.Build.0 = Release|Any CPU
		{A292D5CA-8536-41E4-BA62-B6B4BF31AE14}.Debug|Any CPU.ActiveCfg = Debug|Any CPU
		{A292D5CA-8536-41E4-BA62-B6B4BF31AE14}.Debug|Any CPU.Build.0 = Debug|Any CPU
		{A292D5CA-8536-41E4-BA62-B6B4BF31AE14}.Release|Any CPU.ActiveCfg = Release|Any CPU
		{A292D5CA-8536-41E4-BA62-B6B4BF31AE14}.Release|Any CPU.Build.0 = Release|Any CPU
	EndGlobalSection
	GlobalSection(SolutionProperties) = preSolution
		HideSolutionNode = FALSE
	EndGlobalSection
	GlobalSection(NestedProjects) = preSolution
		{DE5753AA-5738-47A6-9BEB-B5F11E34A999} = {624EF3A9-FAAF-403C-97C9-63B9CD2A2978}
		{4A849B64-D2C8-48F6-B1DC-8ED8A53C818A} = {624EF3A9-FAAF-403C-97C9-63B9CD2A2978}
		{20F3A05C-CBE0-44FF-8305-59A0C4D993D1} = {624EF3A9-FAAF-403C-97C9-63B9CD2A2978}
		{54394230-63B6-44F8-BC50-8A677FDCAE68} = {624EF3A9-FAAF-403C-97C9-63B9CD2A2978}
		{FF16F6DD-7D74-401E-A3A9-09366DCA8BCF} = {624EF3A9-FAAF-403C-97C9-63B9CD2A2978}
		{1BB73C58-CDD8-40A6-B5E4-3AEAB435F1E9} = {9EF90687-8DF9-4C0B-ADD1-FA5642048902}
		{C2929499-00BB-4BC8-8E7A-6C9D19877B05} = {9EF90687-8DF9-4C0B-ADD1-FA5642048902}
		{F8F3B686-7CFA-4797-A528-010DEC235933} = {9EF90687-8DF9-4C0B-ADD1-FA5642048902}
		{1B34396F-4927-49E5-B172-BE9C9B7BDE8F} = {9EF90687-8DF9-4C0B-ADD1-FA5642048902}
		{5CCC507B-BCA9-410D-8EC9-58003C992DDC} = {9EF90687-8DF9-4C0B-ADD1-FA5642048902}
		{D5C30913-56A0-441A-8AC1-618268EB1AFA} = {6D518C91-51AA-4C1E-BF90-9B81FF3CDD96}
		{933E7E7E-CB53-4249-9012-16EC8E5AFAF0} = {6D518C91-51AA-4C1E-BF90-9B81FF3CDD96}
		{5B72607B-6680-472B-B3FA-679650ECDE42} = {6D518C91-51AA-4C1E-BF90-9B81FF3CDD96}
		{F8CA72F1-38F5-4897-AF91-3594A41ED967} = {6D518C91-51AA-4C1E-BF90-9B81FF3CDD96}
		{410710AC-BF43-4C46-887A-7BEA8D2E95AD} = {21024886-C6F2-4502-A4EC-4C120D20CD57}
		{7E4CB810-4F19-424E-A130-9D9CAC886502} = {21024886-C6F2-4502-A4EC-4C120D20CD57}
		{423C561C-6A66-432B-9220-5E5F6E67E2E7} = {21024886-C6F2-4502-A4EC-4C120D20CD57}
		{90FFE5F4-826E-4223-82D0-E75DD0A84456} = {21024886-C6F2-4502-A4EC-4C120D20CD57}
		{A292D5CA-8536-41E4-BA62-B6B4BF31AE14} = {A27F668E-A750-471C-88C9-337402B71591}
	EndGlobalSection
	GlobalSection(ExtensibilityGlobals) = postSolution
		SolutionGuid = {031DD323-CD34-457D-9E52-CDDDBE4EAEF1}
	EndGlobalSection
EndGlobal
